
Microsoft Visual Studio Solution File, Format Version 12.00
# Visual Studio 15
VisualStudioVersion = 15.0.27004.2008
MinimumVisualStudioVersion = 10.0.40219.1
Project("{FAE04EC0-301F-11D3-BF4B-00C04F79EFBC}") = "SteGriff.AzureStorageTools", "SteGriff.AzureStorageTools\SteGriff.AzureStorageTools.csproj", "{548F3D51-9060-4BDD-B71C-E00509C4141C}"
EndProject
Global
	GlobalSection(SolutionConfigurationPlatforms) = preSolution
		Debug|Any CPU = Debug|Any CPU
		Release|Any CPU = Release|Any CPU
	EndGlobalSection
	GlobalSection(ProjectConfigurationPlatforms) = postSolution
		{548F3D51-9060-4BDD-B71C-E00509C4141C}.Debug|Any CPU.ActiveCfg = Debug|Any CPU
		{548F3D51-9060-4BDD-B71C-E00509C4141C}.Debug|Any CPU.Build.0 = Debug|Any CPU
		{548F3D51-9060-4BDD-B71C-E00509C4141C}.Release|Any CPU.ActiveCfg = Release|Any CPU
		{548F3D51-9060-4BDD-B71C-E00509C4141C}.Release|Any CPU.Build.0 = Release|Any CPU
	EndGlobalSection
	GlobalSection(SolutionProperties) = preSolution
		HideSolutionNode = FALSE
	EndGlobalSection
	GlobalSection(ExtensibilityGlobals) = postSolution
		SolutionGuid = {CCE41A85-7FB1-452F-A871-BA8F69CF59C0}
	EndGlobalSection
EndGlobal
